// !$*UTF8*$!
{
	archiveVersion = 1;
	classes = {
	};
	objectVersion = 46;
	objects = {

/* Begin PBXBuildFile section */
		6B0F63D14275E14C7AFCACE0 /* libPods.a in Frameworks */ = {isa = PBXBuildFile; fileRef = 88661DBCA5D68211B13B5602 /* libPods.a */; };
		87480ACD1D027AD900EB1D8D /* main.m in Sources */ = {isa = PBXBuildFile; fileRef = 87480ACC1D027AD900EB1D8D /* main.m */; };
		87480AD81D027AD900EB1D8D /* Assets.xcassets in Resources */ = {isa = PBXBuildFile; fileRef = 87480AD71D027AD900EB1D8D /* Assets.xcassets */; };
		87480AF21D027E7200EB1D8D /* ViewController.m in Sources */ = {isa = PBXBuildFile; fileRef = 87480AE71D027E7200EB1D8D /* ViewController.m */; };
		87480AF31D027E7200EB1D8D /* AppDelegate.m in Sources */ = {isa = PBXBuildFile; fileRef = 87480AED1D027E7200EB1D8D /* AppDelegate.m */; };
		87480AFB1D028E4C00EB1D8D /* Foundation+log.m in Sources */ = {isa = PBXBuildFile; fileRef = 87480AFA1D028E4C00EB1D8D /* Foundation+log.m */; };
		87480B031D028FB100EB1D8D /* IMConst.m in Sources */ = {isa = PBXBuildFile; fileRef = 87480B021D028FB100EB1D8D /* IMConst.m */; };
		87480B061D02910A00EB1D8D /* UIView+IMCategory.m in Sources */ = {isa = PBXBuildFile; fileRef = 87480B051D02910A00EB1D8D /* UIView+IMCategory.m */; };
/* End PBXBuildFile section */

/* Begin PBXFileReference section */
		87480AC81D027AD900EB1D8D /* IMBiliBili.app */ = {isa = PBXFileReference; explicitFileType = wrapper.application; includeInIndex = 0; path = IMBiliBili.app; sourceTree = BUILT_PRODUCTS_DIR; };
		87480ACC1D027AD900EB1D8D /* main.m */ = {isa = PBXFileReference; lastKnownFileType = sourcecode.c.objc; path = main.m; sourceTree = "<group>"; };
		87480AD71D027AD900EB1D8D /* Assets.xcassets */ = {isa = PBXFileReference; lastKnownFileType = folder.assetcatalog; path = Assets.xcassets; sourceTree = "<group>"; };
		87480ADC1D027AD900EB1D8D /* Info.plist */ = {isa = PBXFileReference; lastKnownFileType = text.plist.xml; path = Info.plist; sourceTree = "<group>"; };
		87480AE61D027E7200EB1D8D /* ViewController.h */ = {isa = PBXFileReference; fileEncoding = 4; lastKnownFileType = sourcecode.c.h; path = ViewController.h; sourceTree = "<group>"; };
		87480AE71D027E7200EB1D8D /* ViewController.m */ = {isa = PBXFileReference; fileEncoding = 4; lastKnownFileType = sourcecode.c.objc; path = ViewController.m; sourceTree = "<group>"; };
		87480AEC1D027E7200EB1D8D /* AppDelegate.h */ = {isa = PBXFileReference; fileEncoding = 4; lastKnownFileType = sourcecode.c.h; path = AppDelegate.h; sourceTree = "<group>"; };
		87480AED1D027E7200EB1D8D /* AppDelegate.m */ = {isa = PBXFileReference; fileEncoding = 4; lastKnownFileType = sourcecode.c.objc; path = AppDelegate.m; sourceTree = "<group>"; };
		87480AF41D02874500EB1D8D /* PrefixHeader.pch */ = {isa = PBXFileReference; fileEncoding = 4; lastKnownFileType = sourcecode.c.h; path = PrefixHeader.pch; sourceTree = "<group>"; };
		87480AF71D02883A00EB1D8D /* Public.h */ = {isa = PBXFileReference; fileEncoding = 4; lastKnownFileType = sourcecode.c.h; path = Public.h; sourceTree = "<group>"; };
		87480AFA1D028E4C00EB1D8D /* Foundation+log.m */ = {isa = PBXFileReference; fileEncoding = 4; lastKnownFileType = sourcecode.c.objc; path = "Foundation+log.m"; sourceTree = "<group>"; };
		87480B011D028FB100EB1D8D /* IMConst.h */ = {isa = PBXFileReference; fileEncoding = 4; lastKnownFileType = sourcecode.c.h; path = IMConst.h; sourceTree = "<group>"; };
		87480B021D028FB100EB1D8D /* IMConst.m */ = {isa = PBXFileReference; fileEncoding = 4; lastKnownFileType = sourcecode.c.objc; path = IMConst.m; sourceTree = "<group>"; };
		87480B041D02910A00EB1D8D /* UIView+IMCategory.h */ = {isa = PBXFileReference; fileEncoding = 4; lastKnownFileType = sourcecode.c.h; path = "UIView+IMCategory.h"; sourceTree = "<group>"; };
		87480B051D02910A00EB1D8D /* UIView+IMCategory.m */ = {isa = PBXFileReference; fileEncoding = 4; lastKnownFileType = sourcecode.c.objc; path = "UIView+IMCategory.m"; sourceTree = "<group>"; };
		88661DBCA5D68211B13B5602 /* libPods.a */ = {isa = PBXFileReference; explicitFileType = archive.ar; includeInIndex = 0; path = libPods.a; sourceTree = BUILT_PRODUCTS_DIR; };
		9F94DE4F30B73CF8FDE63698 /* Pods.debug.xcconfig */ = {isa = PBXFileReference; includeInIndex = 1; lastKnownFileType = text.xcconfig; name = Pods.debug.xcconfig; path = "Pods/Target Support Files/Pods/Pods.debug.xcconfig"; sourceTree = "<group>"; };
		CE15A0EFF8E9BB076D9FC608 /* Pods.release.xcconfig */ = {isa = PBXFileReference; includeInIndex = 1; lastKnownFileType = text.xcconfig; name = Pods.release.xcconfig; path = "Pods/Target Support Files/Pods/Pods.release.xcconfig"; sourceTree = "<group>"; };
/* End PBXFileReference section */

/* Begin PBXFrameworksBuildPhase section */
		87480AC51D027AD900EB1D8D /* Frameworks */ = {
			isa = PBXFrameworksBuildPhase;
			buildActionMask = 2147483647;
			files = (
				6B0F63D14275E14C7AFCACE0 /* libPods.a in Frameworks */,
			);
			runOnlyForDeploymentPostprocessing = 0;
		};
/* End PBXFrameworksBuildPhase section */

/* Begin PBXGroup section */
		2A497F9E4CBBD4C9723C0AE7 /* Pods */ = {
			isa = PBXGroup;
			children = (
				9F94DE4F30B73CF8FDE63698 /* Pods.debug.xcconfig */,
				CE15A0EFF8E9BB076D9FC608 /* Pods.release.xcconfig */,
			);
			name = Pods;
			sourceTree = "<group>";
		};
		74624A5B935A95B49D6122D0 /* Frameworks */ = {
			isa = PBXGroup;
			children = (
				88661DBCA5D68211B13B5602 /* libPods.a */,
			);
			name = Frameworks;
			sourceTree = "<group>";
		};
		87480ABF1D027AD900EB1D8D = {
			isa = PBXGroup;
			children = (
				87480ACA1D027AD900EB1D8D /* IMBiliBili */,
				87480AC91D027AD900EB1D8D /* Products */,
				2A497F9E4CBBD4C9723C0AE7 /* Pods */,
				74624A5B935A95B49D6122D0 /* Frameworks */,
			);
			sourceTree = "<group>";
		};
		87480AC91D027AD900EB1D8D /* Products */ = {
			isa = PBXGroup;
			children = (
				87480AC81D027AD900EB1D8D /* IMBiliBili.app */,
			);
			name = Products;
			sourceTree = "<group>";
		};
		87480ACA1D027AD900EB1D8D /* IMBiliBili */ = {
			isa = PBXGroup;
			children = (
				87480AE21D027E7200EB1D8D /* Classes */,
				87480ACB1D027AD900EB1D8D /* Supporting Files */,
			);
			path = IMBiliBili;
			sourceTree = "<group>";
		};
		87480ACB1D027AD900EB1D8D /* Supporting Files */ = {
			isa = PBXGroup;
			children = (
				87480AD71D027AD900EB1D8D /* Assets.xcassets */,
				87480ADC1D027AD900EB1D8D /* Info.plist */,
				87480ACC1D027AD900EB1D8D /* main.m */,
				87480AF41D02874500EB1D8D /* PrefixHeader.pch */,
			);
			name = "Supporting Files";
			sourceTree = "<group>";
		};
		87480AE21D027E7200EB1D8D /* Classes */ = {
			isa = PBXGroup;
			children = (
				87480AE31D027E7200EB1D8D /* Discover */,
				87480AE41D027E7200EB1D8D /* Index */,
				87480AE81D027E7200EB1D8D /* Live */,
				87480AE91D027E7200EB1D8D /* Main */,
				87480AEB1D027E7200EB1D8D /* Other */,
				87480AEE1D027E7200EB1D8D /* Profile */,
				87480AEF1D027E7200EB1D8D /* Publish */,
				87480AF01D027E7200EB1D8D /* Recommend */,
				87480AF11D027E7200EB1D8D /* Vendors */,
			);
			path = Classes;
			sourceTree = "<group>";
		};
		87480AE31D027E7200EB1D8D /* Discover */ = {
			isa = PBXGroup;
			children = (
			);
			path = Discover;
			sourceTree = "<group>";
		};
		87480AE41D027E7200EB1D8D /* Index */ = {
			isa = PBXGroup;
			children = (
				87480AE51D027E7200EB1D8D /* Controller */,
			);
			path = Index;
			sourceTree = "<group>";
		};
		87480AE51D027E7200EB1D8D /* Controller */ = {
			isa = PBXGroup;
			children = (
				87480AE61D027E7200EB1D8D /* ViewController.h */,
				87480AE71D027E7200EB1D8D /* ViewController.m */,
			);
			path = Controller;
			sourceTree = "<group>";
		};
		87480AE81D027E7200EB1D8D /* Live */ = {
			isa = PBXGroup;
			children = (
			);
			path = Live;
			sourceTree = "<group>";
		};
		87480AE91D027E7200EB1D8D /* Main */ = {
			isa = PBXGroup;
			children = (
				87480AF61D02883A00EB1D8D /* Header */,
				87480AEA1D027E7200EB1D8D /* Category */,
			);
			path = Main;
			sourceTree = "<group>";
		};
		87480AEA1D027E7200EB1D8D /* Category */ = {
			isa = PBXGroup;
			children = (
				87480B041D02910A00EB1D8D /* UIView+IMCategory.h */,
				87480B051D02910A00EB1D8D /* UIView+IMCategory.m */,
			);
			path = Category;
			sourceTree = "<group>";
		};
		87480AEB1D027E7200EB1D8D /* Other */ = {
			isa = PBXGroup;
			children = (
				87480AEC1D027E7200EB1D8D /* AppDelegate.h */,
				87480AED1D027E7200EB1D8D /* AppDelegate.m */,
			);
			path = Other;
			sourceTree = "<group>";
		};
		87480AEE1D027E7200EB1D8D /* Profile */ = {
			isa = PBXGroup;
			children = (
			);
			path = Profile;
			sourceTree = "<group>";
		};
		87480AEF1D027E7200EB1D8D /* Publish */ = {
			isa = PBXGroup;
			children = (
			);
			path = Publish;
			sourceTree = "<group>";
		};
		87480AF01D027E7200EB1D8D /* Recommend */ = {
			isa = PBXGroup;
			children = (
			);
			path = Recommend;
			sourceTree = "<group>";
		};
		87480AF11D027E7200EB1D8D /* Vendors */ = {
			isa = PBXGroup;
			children = (
			);
			path = Vendors;
			sourceTree = "<group>";
		};
		87480AF61D02883A00EB1D8D /* Header */ = {
			isa = PBXGroup;
			children = (
				87480AF71D02883A00EB1D8D /* Public.h */,
				87480AFA1D028E4C00EB1D8D /* Foundation+log.m */,
				87480B011D028FB100EB1D8D /* IMConst.h */,
				87480B021D028FB100EB1D8D /* IMConst.m */,
			);
			path = Header;
			sourceTree = "<group>";
		};
/* End PBXGroup section */

/* Begin PBXNativeTarget section */
		87480AC71D027AD900EB1D8D /* IMBiliBili */ = {
			isa = PBXNativeTarget;
			buildConfigurationList = 87480ADF1D027AD900EB1D8D /* Build configuration list for PBXNativeTarget "IMBiliBili" */;
			buildPhases = (
				EB0F0413FF33BF9784140825 /* Check Pods Manifest.lock */,
				87480AC41D027AD900EB1D8D /* Sources */,
				87480AC51D027AD900EB1D8D /* Frameworks */,
				87480AC61D027AD900EB1D8D /* Resources */,
				DB36513DD64971FFA584B832 /* Embed Pods Frameworks */,
				F2233812AB97B4BF89F27C8E /* Copy Pods Resources */,
			);
			buildRules = (
			);
			dependencies = (
			);
			name = IMBiliBili;
			productName = IMBiliBili;
			productReference = 87480AC81D027AD900EB1D8D /* IMBiliBili.app */;
			productType = "com.apple.product-type.application";
		};
/* End PBXNativeTarget section */

/* Begin PBXProject section */
		87480AC01D027AD900EB1D8D /* Project object */ = {
			isa = PBXProject;
			attributes = {
				LastUpgradeCheck = 0720;
				ORGANIZATIONNAME = Imitations;
				TargetAttributes = {
					87480AC71D027AD900EB1D8D = {
						CreatedOnToolsVersion = 7.2;
						DevelopmentTeam = UKXWZ3FS84;
					};
				};
			};
			buildConfigurationList = 87480AC31D027AD900EB1D8D /* Build configuration list for PBXProject "IMBiliBili" */;
			compatibilityVersion = "Xcode 3.2";
			developmentRegion = English;
			hasScannedForEncodings = 0;
			knownRegions = (
				en,
				Base,
			);
			mainGroup = 87480ABF1D027AD900EB1D8D;
			productRefGroup = 87480AC91D027AD900EB1D8D /* Products */;
			projectDirPath = "";
			projectRoot = "";
			targets = (
				87480AC71D027AD900EB1D8D /* IMBiliBili */,
			);
		};
/* End PBXProject section */

/* Begin PBXResourcesBuildPhase section */
		87480AC61D027AD900EB1D8D /* Resources */ = {
			isa = PBXResourcesBuildPhase;
			buildActionMask = 2147483647;
			files = (
				87480AD81D027AD900EB1D8D /* Assets.xcassets in Resources */,
			);
			runOnlyForDeploymentPostprocessing = 0;
		};
/* End PBXResourcesBuildPhase section */

/* Begin PBXShellScriptBuildPhase section */
		DB36513DD64971FFA584B832 /* Embed Pods Frameworks */ = {
			isa = PBXShellScriptBuildPhase;
			buildActionMask = 2147483647;
			files = (
			);
			inputPaths = (
			);
			name = "Embed Pods Frameworks";
			outputPaths = (
			);
			runOnlyForDeploymentPostprocessing = 0;
			shellPath = /bin/sh;
			shellScript = "\"${SRCROOT}/Pods/Target Support Files/Pods/Pods-frameworks.sh\"\n";
			showEnvVarsInLog = 0;
		};
		EB0F0413FF33BF9784140825 /* Check Pods Manifest.lock */ = {
			isa = PBXShellScriptBuildPhase;
			buildActionMask = 2147483647;
			files = (
			);
			inputPaths = (
			);
			name = "Check Pods Manifest.lock";
			outputPaths = (
			);
			runOnlyForDeploymentPostprocessing = 0;
			shellPath = /bin/sh;
			shellScript = "diff \"${PODS_ROOT}/../Podfile.lock\" \"${PODS_ROOT}/Manifest.lock\" > /dev/null\nif [[ $? != 0 ]] ; then\n    cat << EOM\nerror: The sandbox is not in sync with the Podfile.lock. Run 'pod install' or update your CocoaPods installation.\nEOM\n    exit 1\nfi\n";
			showEnvVarsInLog = 0;
		};
		F2233812AB97B4BF89F27C8E /* Copy Pods Resources */ = {
			isa = PBXShellScriptBuildPhase;
			buildActionMask = 2147483647;
			files = (
			);
			inputPaths = (
			);
			name = "Copy Pods Resources";
			outputPaths = (
			);
			runOnlyForDeploymentPostprocessing = 0;
			shellPath = /bin/sh;
			shellScript = "\"${SRCROOT}/Pods/Target Support Files/Pods/Pods-resources.sh\"\n";
			showEnvVarsInLog = 0;
		};
/* End PBXShellScriptBuildPhase section */

/* Begin PBXSourcesBuildPhase section */
		87480AC41D027AD900EB1D8D /* Sources */ = {
			isa = PBXSourcesBuildPhase;
			buildActionMask = 2147483647;
			files = (
				87480B061D02910A00EB1D8D /* UIView+IMCategory.m in Sources */,
				87480AF21D027E7200EB1D8D /* ViewController.m in Sources */,
				87480ACD1D027AD900EB1D8D /* main.m in Sources */,
				87480B031D028FB100EB1D8D /* IMConst.m in Sources */,
				87480AF31D027E7200EB1D8D /* AppDelegate.m in Sources */,
				87480AFB1D028E4C00EB1D8D /* Foundation+log.m in Sources */,
			);
			runOnlyForDeploymentPostprocessing = 0;
		};
/* End PBXSourcesBuildPhase section */

/* Begin XCBuildConfiguration section */
		87480ADD1D027AD900EB1D8D /* Debug */ = {
			isa = XCBuildConfiguration;
			buildSettings = {
				ALWAYS_SEARCH_USER_PATHS = NO;
				CLANG_CXX_LANGUAGE_STANDARD = "gnu++0x";
				CLANG_CXX_LIBRARY = "libc++";
				CLANG_ENABLE_MODULES = YES;
				CLANG_ENABLE_OBJC_ARC = YES;
				CLANG_WARN_BOOL_CONVERSION = YES;
				CLANG_WARN_CONSTANT_CONVERSION = YES;
				CLANG_WARN_DIRECT_OBJC_ISA_USAGE = YES_ERROR;
				CLANG_WARN_EMPTY_BODY = YES;
				CLANG_WARN_ENUM_CONVERSION = YES;
				CLANG_WARN_INT_CONVERSION = YES;
				CLANG_WARN_OBJC_ROOT_CLASS = YES_ERROR;
				CLANG_WARN_UNREACHABLE_CODE = YES;
				CLANG_WARN__DUPLICATE_METHOD_MATCH = YES;
				"CODE_SIGN_IDENTITY[sdk=iphoneos*]" = "iPhone Developer";
				COPY_PHASE_STRIP = NO;
				DEBUG_INFORMATION_FORMAT = dwarf;
				ENABLE_STRICT_OBJC_MSGSEND = YES;
				ENABLE_TESTABILITY = YES;
				GCC_C_LANGUAGE_STANDARD = gnu99;
				GCC_DYNAMIC_NO_PIC = NO;
				GCC_NO_COMMON_BLOCKS = YES;
				GCC_OPTIMIZATION_LEVEL = 0;
				GCC_PRECOMPILE_PREFIX_HEADER = YES;
				GCC_PREFIX_HEADER = "$(SRCROOT)/IMBiliBili/PrefixHeader.pch";
				GCC_PREPROCESSOR_DEFINITIONS = (
					"DEBUG=1",
					"$(inherited)",
				);
				GCC_WARN_64_TO_32_BIT_CONVERSION = YES;
				GCC_WARN_ABOUT_RETURN_TYPE = YES_ERROR;
				GCC_WARN_UNDECLARED_SELECTOR = YES;
				GCC_WARN_UNINITIALIZED_AUTOS = YES_AGGRESSIVE;
				GCC_WARN_UNUSED_FUNCTION = YES;
				GCC_WARN_UNUSED_VARIABLE = YES;
				IPHONEOS_DEPLOYMENT_TARGET = 9.2;
				MTL_ENABLE_DEBUG_INFO = YES;
				ONLY_ACTIVE_ARCH = YES;
				SDKROOT = iphoneos;
			};
			name = Debug;
		};
		87480ADE1D027AD900EB1D8D /* Release */ = {
			isa = XCBuildConfiguration;
			buildSettings = {
				ALWAYS_SEARCH_USER_PATHS = NO;
				CLANG_CXX_LANGUAGE_STANDARD = "gnu++0x";
				CLANG_CXX_LIBRARY = "libc++";
				CLANG_ENABLE_MODULES = YES;
				CLANG_ENABLE_OBJC_ARC = YES;
				CLANG_WARN_BOOL_CONVERSION = YES;
				CLANG_WARN_CONSTANT_CONVERSION = YES;
				CLANG_WARN_DIRECT_OBJC_ISA_USAGE = YES_ERROR;
				CLANG_WARN_EMPTY_BODY = YES;
				CLANG_WARN_ENUM_CONVERSION = YES;
				CLANG_WARN_INT_CONVERSION = YES;
				CLANG_WARN_OBJC_ROOT_CLASS = YES_ERROR;
				CLANG_WARN_UNREACHABLE_CODE = YES;
				CLANG_WARN__DUPLICATE_METHOD_MATCH = YES;
				"CODE_SIGN_IDENTITY[sdk=iphoneos*]" = "iPhone Developer";
				COPY_PHASE_STRIP = NO;
				DEBUG_INFORMATION_FORMAT = dwarf;
				ENABLE_NS_ASSERTIONS = NO;
				ENABLE_STRICT_OBJC_MSGSEND = YES;
				GCC_C_LANGUAGE_STANDARD = gnu99;
				GCC_NO_COMMON_BLOCKS = YES;
				GCC_PRECOMPILE_PREFIX_HEADER = YES;
				GCC_PREFIX_HEADER = "$(SRCROOT)/IMBiliBili/PrefixHeader.pch";
				GCC_WARN_64_TO_32_BIT_CONVERSION = YES;
				GCC_WARN_ABOUT_RETURN_TYPE = YES_ERROR;
				GCC_WARN_UNDECLARED_SELECTOR = YES;
				GCC_WARN_UNINITIALIZED_AUTOS = YES_AGGRESSIVE;
				GCC_WARN_UNUSED_FUNCTION = YES;
				GCC_WARN_UNUSED_VARIABLE = YES;
				IPHONEOS_DEPLOYMENT_TARGET = 9.2;
				MTL_ENABLE_DEBUG_INFO = NO;
				SDKROOT = iphoneos;
				VALIDATE_PRODUCT = YES;
			};
			name = Release;
		};
		87480AE01D027AD900EB1D8D /* Debug */ = {
			isa = XCBuildConfiguration;
			baseConfigurationReference = 9F94DE4F30B73CF8FDE63698 /* Pods.debug.xcconfig */;
			buildSettings = {
				ASSETCATALOG_COMPILER_APPICON_NAME = AppIcon;
				ASSETCATALOG_COMPILER_LAUNCHIMAGE_NAME = "Brand Assets";
				CODE_SIGN_IDENTITY = "iPhone Developer";
				"CODE_SIGN_IDENTITY[sdk=iphoneos*]" = "iPhone Developer";
				INFOPLIST_FILE = IMBiliBili/Info.plist;
				LD_RUNPATH_SEARCH_PATHS = "$(inherited) @executable_path/Frameworks";
				PRODUCT_BUNDLE_IDENTIFIER = IM.IMBiliBili;
				PRODUCT_NAME = "$(TARGET_NAME)";
				PROVISIONING_PROFILE = "";
			};
			name = Debug;
		};
		87480AE11D027AD900EB1D8D /* Release */ = {
			isa = XCBuildConfiguration;
			baseConfigurationReference = CE15A0EFF8E9BB076D9FC608 /* Pods.release.xcconfig */;
			buildSettings = {
				ASSETCATALOG_COMPILER_APPICON_NAME = AppIcon;
				ASSETCATALOG_COMPILER_LAUNCHIMAGE_NAME = "Brand Assets";
				CODE_SIGN_IDENTITY = "iPhone Developer";
				"CODE_SIGN_IDENTITY[sdk=iphoneos*]" = "iPhone Developer";
				INFOPLIST_FILE = IMBiliBili/Info.plist;
				LD_RUNPATH_SEARCH_PATHS = "$(inherited) @executable_path/Frameworks";
				PRODUCT_BUNDLE_IDENTIFIER = IM.IMBiliBili;
				PRODUCT_NAME = "$(TARGET_NAME)";
				PROVISIONING_PROFILE = "";
			};
			name = Release;
		};
/* End XCBuildConfiguration section */

/* Begin XCConfigurationList section */
		87480AC31D027AD900EB1D8D /* Build configuration list for PBXProject "IMBiliBili" */ = {
			isa = XCConfigurationList;
			buildConfigurations = (
				87480ADD1D027AD900EB1D8D /* Debug */,
				87480ADE1D027AD900EB1D8D /* Release */,
			);
			defaultConfigurationIsVisible = 0;
			defaultConfigurationName = Release;
		};
		87480ADF1D027AD900EB1D8D /* Build configuration list for PBXNativeTarget "IMBiliBili" */ = {
			isa = XCConfigurationList;
			buildConfigurations = (
				87480AE01D027AD900EB1D8D /* Debug */,
				87480AE11D027AD900EB1D8D /* Release */,
			);
			defaultConfigurationIsVisible = 0;
			defaultConfigurationName = Release;
		};
/* End XCConfigurationList section */
	};
	rootObject = 87480AC01D027AD900EB1D8D /* Project object */;
}
